
Microsoft Visual Studio Solution File, Format Version 12.00
# Visual Studio Version 16
VisualStudioVersion = 16.0.31105.61
MinimumVisualStudioVersion = 10.0.40219.1
Project("{FAE04EC0-301F-11D3-BF4B-00C04F79EFBC}") = "WebAPI", "WebAPI\WebAPI.csproj", "{C665D38E-45F7-4CBA-AAF5-8CBDEB253579}"
EndProject
Project("{FAE04EC0-301F-11D3-BF4B-00C04F79EFBC}") = "Common", "Common\Common.csproj", "{6B9F8657-B307-425C-A4CE-FA19D7F0CFF2}"
EndProject
Project("{FAE04EC0-301F-11D3-BF4B-00C04F79EFBC}") = "EFCore", "EFCore\EFCore.csproj", "{475BAC49-B2E1-46B2-B776-C7AFA9869635}"
EndProject
Project("{FAE04EC0-301F-11D3-BF4B-00C04F79EFBC}") = "Model", "Model\Model.csproj", "{E5835281-2559-4639-805F-A95DBADBBE4F}"
EndProject
Project("{FAE04EC0-301F-11D3-BF4B-00C04F79EFBC}") = "Application", "Application\Application.csproj", "{1148C081-5EAA-4F00-8460-6D9965334FFA}"
EndProject
Global
	GlobalSection(SolutionConfigurationPlatforms) = preSolution
		Debug|Any CPU = Debug|Any CPU
		Release|Any CPU = Release|Any CPU
	EndGlobalSection
	GlobalSection(ProjectConfigurationPlatforms) = postSolution
		{C665D38E-45F7-4CBA-AAF5-8CBDEB253579}.Debug|Any CPU.ActiveCfg = Debug|Any CPU
		{C665D38E-45F7-4CBA-AAF5-8CBDEB253579}.Debug|Any CPU.Build.0 = Debug|Any CPU
		{C665D38E-45F7-4CBA-AAF5-8CBDEB253579}.Release|Any CPU.ActiveCfg = Release|Any CPU
		{C665D38E-45F7-4CBA-AAF5-8CBDEB253579}.Release|Any CPU.Build.0 = Release|Any CPU
		{6B9F8657-B307-425C-A4CE-FA19D7F0CFF2}.Debug|Any CPU.ActiveCfg = Debug|Any CPU
		{6B9F8657-B307-425C-A4CE-FA19D7F0CFF2}.Debug|Any CPU.Build.0 = Debug|Any CPU
		{6B9F8657-B307-425C-A4CE-FA19D7F0CFF2}.Release|Any CPU.ActiveCfg = Release|Any CPU
		{6B9F8657-B307-425C-A4CE-FA19D7F0CFF2}.Release|Any CPU.Build.0 = Release|Any CPU
		{475BAC49-B2E1-46B2-B776-C7AFA9869635}.Debug|Any CPU.ActiveCfg = Debug|Any CPU
		{475BAC49-B2E1-46B2-B776-C7AFA9869635}.Debug|Any CPU.Build.0 = Debug|Any CPU
		{475BAC49-B2E1-46B2-B776-C7AFA9869635}.Release|Any CPU.ActiveCfg = Release|Any CPU
		{475BAC49-B2E1-46B2-B776-C7AFA9869635}.Release|Any CPU.Build.0 = Release|Any CPU
		{E5835281-2559-4639-805F-A95DBADBBE4F}.Debug|Any CPU.ActiveCfg = Debug|Any CPU
		{E5835281-2559-4639-805F-A95DBADBBE4F}.Debug|Any CPU.Build.0 = Debug|Any CPU
		{E5835281-2559-4639-805F-A95DBADBBE4F}.Release|Any CPU.ActiveCfg = Release|Any CPU
		{E5835281-2559-4639-805F-A95DBADBBE4F}.Release|Any CPU.Build.0 = Release|Any CPU
		{1148C081-5EAA-4F00-8460-6D9965334FFA}.Debug|Any CPU.ActiveCfg = Debug|Any CPU
		{1148C081-5EAA-4F00-8460-6D9965334FFA}.Debug|Any CPU.Build.0 = Debug|Any CPU
		{1148C081-5EAA-4F00-8460-6D9965334FFA}.Release|Any CPU.ActiveCfg = Release|Any CPU
		{1148C081-5EAA-4F00-8460-6D9965334FFA}.Release|Any CPU.Build.0 = Release|Any CPU
	EndGlobalSection
	GlobalSection(SolutionProperties) = preSolution
		HideSolutionNode = FALSE
	EndGlobalSection
	GlobalSection(ExtensibilityGlobals) = postSolution
		SolutionGuid = {D98DF6B5-E99D-49D3-871C-A4C9FF75A572}
	EndGlobalSection
EndGlobal
